
Microsoft Visual Studio Solution File, Format Version 12.00
# Visual Studio Version 16
VisualStudioVersion = 16.0.29009.5
MinimumVisualStudioVersion = 10.0.40219.1
Project("{FAE04EC0-301F-11D3-BF4B-00C04F79EFBC}") = "PublisherClient", "PublisherClient\PublisherClient.csproj", "{7061B070-4D31-4D16-BC29-A342D528C054}"
EndProject
Project("{FAE04EC0-301F-11D3-BF4B-00C04F79EFBC}") = "PublisherServer", "PublisherServer\PublisherServer.csproj", "{1D2F6313-B574-4AD3-BB47-BF7FA6C23B1D}"
EndProject
Project("{FAE04EC0-301F-11D3-BF4B-00C04F79EFBC}") = "Publisher.Core", "Publisher.Core\Publisher.Core.csproj", "{C37A9A0F-0A4F-4554-923B-C12D103A570C}"
EndProject
Global
	GlobalSection(SolutionConfigurationPlatforms) = preSolution
		Debug|Any CPU = Debug|Any CPU
		Release|Any CPU = Release|Any CPU
	EndGlobalSection
	GlobalSection(ProjectConfigurationPlatforms) = postSolution
		{7061B070-4D31-4D16-BC29-A342D528C054}.Debug|Any CPU.ActiveCfg = Debug|Any CPU
		{7061B070-4D31-4D16-BC29-A342D528C054}.Debug|Any CPU.Build.0 = Debug|Any CPU
		{7061B070-4D31-4D16-BC29-A342D528C054}.Release|Any CPU.ActiveCfg = Release|Any CPU
		{7061B070-4D31-4D16-BC29-A342D528C054}.Release|Any CPU.Build.0 = Release|Any CPU
		{1D2F6313-B574-4AD3-BB47-BF7FA6C23B1D}.Debug|Any CPU.ActiveCfg = Debug|Any CPU
		{1D2F6313-B574-4AD3-BB47-BF7FA6C23B1D}.Debug|Any CPU.Build.0 = Debug|Any CPU
		{1D2F6313-B574-4AD3-BB47-BF7FA6C23B1D}.Release|Any CPU.ActiveCfg = Release|Any CPU
		{1D2F6313-B574-4AD3-BB47-BF7FA6C23B1D}.Release|Any CPU.Build.0 = Release|Any CPU
		{C37A9A0F-0A4F-4554-923B-C12D103A570C}.Debug|Any CPU.ActiveCfg = Debug|Any CPU
		{C37A9A0F-0A4F-4554-923B-C12D103A570C}.Debug|Any CPU.Build.0 = Debug|Any CPU
		{C37A9A0F-0A4F-4554-923B-C12D103A570C}.Release|Any CPU.ActiveCfg = Release|Any CPU
		{C37A9A0F-0A4F-4554-923B-C12D103A570C}.Release|Any CPU.Build.0 = Release|Any CPU
	EndGlobalSection
	GlobalSection(SolutionProperties) = preSolution
		HideSolutionNode = FALSE
	EndGlobalSection
	GlobalSection(ExtensibilityGlobals) = postSolution
		SolutionGuid = {70C5CD1F-4965-4F5D-A820-6CAB5E8A1E90}
	EndGlobalSection
EndGlobal
